lockfileVersion: '6.0'

settings:
  autoInstallPeers: true
  excludeLinksFromLockfile: false

dependencies:
  '@tailwindcss/postcss':
    specifier: 4.0.0-alpha.15
    version: 4.0.0-alpha.15(postcss@8.4.38)
  tailwindcss:
    specifier: 4.0.0-alpha.15
    version: 4.0.0-alpha.15

packages:

  /@tailwindcss/oxide-android-arm64@4.0.0-alpha.15:
    resolution: {integrity: sha512-Z1nJQilQ7r2qNcOqWz8pkZOIXSI5BAwfBn9i1MfIkuAzSrK1iUVxPdxH6KPuResKBRa2WhJrouymg/rRVR9Icg==}
    engines: {node: '>= 10'}
    cpu: [arm64]
    os: [android]
    requiresBuild: true
    dev: false
    optional: true

  /@tailwindcss/oxide-darwin-arm64@4.0.0-alpha.15:
    resolution: {integrity: sha512-+ItUlU6SOEpWmb3lYmL2T6o0UkrKpVkKjal7oDCmrDS6QTDNPHTrg/10kAxAvH3TTA4ZpWjjec1UM52B5f4LEQ==}
    engines: {node: '>= 10'}
    cpu: [arm64]
    os: [darwin]
    requiresBuild: true
    dev: false
    optional: true

  /@tailwindcss/oxide-darwin-x64@4.0.0-alpha.15:
    resolution: {integrity: sha512-uA/4MNUoyIWZRXmzq1GNBx97+ReGh9EaKAFy0JjLTy6zynMlkUNsd+BkOGTgjC9N2YJgWk3KGUkT2g0u6uqe4w==}
    engines: {node: '>= 10'}
    cpu: [x64]
    os: [darwin]
    requiresBuild: true
    dev: false
    optional: true

  /@tailwindcss/oxide-freebsd-x64@4.0.0-alpha.15:
    resolution: {integrity: sha512-Ut6A56trLmd1ZIoxgdxK9MrzDjuFgBs2Yn6cCa4cxROBZUSuRpvmrAqUWXvin5A7mlYOCO38Ktjoe6Q/ugX4Xg==}
    engines: {node: '>= 10'}
    cpu: [x64]
    os: [freebsd]
    requiresBuild: true
    dev: false
    optional: true

  /@tailwindcss/oxide-linux-arm-gnueabihf@4.0.0-alpha.15:
    resolution: {integrity: sha512-TCH5i0T6szjMFc5DO4c2K6cq6FhI/yb4TS6bwbrWKG/voKYhLe1RVYUvqiUaf2SPZ1NsExZVPy878rEOOKbj+A==}
    engines: {node: '>= 10'}
    cpu: [arm]
    os: [linux]
    requiresBuild: true
    dev: false
    optional: true

  /@tailwindcss/oxide-linux-arm64-gnu@4.0.0-alpha.15:
    resolution: {integrity: sha512-Ata2W3V7a7PvxLnwkD1LmXiDNhgjqP6d15fkVrEOF+xX8hqelT5e8UGViA6sG8nq5PMfiWOy+Q9nxPytAdKfVw==}
    engines: {node: '>= 10'}
    cpu: [arm64]
    os: [linux]
    requiresBuild: true
    dev: false
    optional: true

  /@tailwindcss/oxide-linux-arm64-musl@4.0.0-alpha.15:
    resolution: {integrity: sha512-5b2XzyVrnv8GiYS3yUbCFjOnn9LT1ya4k/PT5uZHlr0J7Blc9MszRIotzVAhtOLxfKGUAEdkn9UGaast+iUdqg==}
    engines: {node: '>= 10'}
    cpu: [arm64]
    os: [linux]
    requiresBuild: true
    dev: false
    optional: true

  /@tailwindcss/oxide-linux-x64-gnu@4.0.0-alpha.15:
    resolution: {integrity: sha512-YwB/hQWAgMIllWTLCXS/BK0KWsCnFgfFQt8jxNVTbOaTzeABSG+QCcLax2wrimsFAKsFRBSU3l3fC6NIkMNOVA==}
    engines: {node: '>= 10'}
    cpu: [x64]
    os: [linux]
    requiresBuild: true
    dev: false
    optional: true

  /@tailwindcss/oxide-linux-x64-musl@4.0.0-alpha.15:
    resolution: {integrity: sha512-otrzqjVCFiygTTvIlbNffs6Aa+AqILeM02iZij/44l4+i6W+2hpZmbBIGJtT7UcYWFV3nzR1fmCTw/gE0ipeHA==}
    engines: {node: '>= 10'}
    cpu: [x64]
    os: [linux]
    requiresBuild: true
    dev: false
    optional: true

  /@tailwindcss/oxide-win32-x64-msvc@4.0.0-alpha.15:
    resolution: {integrity: sha512-PTVKXzcbvDtkTmcw0xUD6ujXBrlXTcyNGKwcgKD4Iao63jI+E1c/1b6aa5qp8BFwt9nH0U4DZsuWAN1aspMEAw==}
    engines: {node: '>= 10'}
    cpu: [x64]
    os: [win32]
    requiresBuild: true
    dev: false
    optional: true

  /@tailwindcss/oxide@4.0.0-alpha.15:
    resolution: {integrity: sha512-8rJzC+spphf7YK+gVJegYE2r3FIcT/dXFEtM6BuC1kDpyNtldEujYzmmxzj+Coq3GNuRK9OjLv0PzVtG7zo6MQ==}
    engines: {node: '>= 10'}
    optionalDependencies:
      '@tailwindcss/oxide-android-arm64': 4.0.0-alpha.15
      '@tailwindcss/oxide-darwin-arm64': 4.0.0-alpha.15
      '@tailwindcss/oxide-darwin-x64': 4.0.0-alpha.15
      '@tailwindcss/oxide-freebsd-x64': 4.0.0-alpha.15
      '@tailwindcss/oxide-linux-arm-gnueabihf': 4.0.0-alpha.15
      '@tailwindcss/oxide-linux-arm64-gnu': 4.0.0-alpha.15
      '@tailwindcss/oxide-linux-arm64-musl': 4.0.0-alpha.15
      '@tailwindcss/oxide-linux-x64-gnu': 4.0.0-alpha.15
      '@tailwindcss/oxide-linux-x64-musl': 4.0.0-alpha.15
      '@tailwindcss/oxide-win32-x64-msvc': 4.0.0-alpha.15
    dev: false

  /@tailwindcss/postcss@4.0.0-alpha.15(postcss@8.4.38):
    resolution: {integrity: sha512-j/ehz9NfgyVi7mWv4g/BSwgayG4vuQ4V8oszcrzDUeyEMTz2thDKX9lqhykIqnOwp9eGquRqJT82rXucXRIUmg==}
    dependencies:
      '@tailwindcss/oxide': 4.0.0-alpha.15
      lightningcss: 1.24.1
      postcss-import: 16.1.0(postcss@8.4.38)
      tailwindcss: 4.0.0-alpha.15
    transitivePeerDependencies:
      - postcss
    dev: false

  /detect-libc@1.0.3:
    resolution: {integrity: sha512-pGjwhsmsp4kL2RTz08wcOlGN83otlqHeD/Z5T8GXZB+/YcpQ/dgo+lbU8ZsGxV0HIvqqxo9l7mqYwyYMD9bKDg==}
    engines: {node: '>=0.10'}
    hasBin: true
    dev: false

  /function-bind@1.1.2:
    resolution: {integrity: sha512-7XHNxH7qX9xG5mIwxkhumTox/MIRNcOgDrxWsMt2pAr23WHp6MrRlN7FBSFpCpr+oVO0F744iUgR82nJMfG2SA==}
    dev: false

  /hasown@2.0.2:
    resolution: {integrity: sha512-0hJU9SCPvmMzIBdZFqNPXWa6dqh7WdH0cII9y+CyS8rG3nL48Bclra9HmKhVVUHyPWNH5Y7xDwAB7bfgSjkUMQ==}
    engines: {node: '>= 0.4'}
    dependencies:
      function-bind: 1.1.2
    dev: false

  /is-core-module@2.13.1:
    resolution: {integrity: sha512-hHrIjvZsftOsvKSn2TRYl63zvxsgE0K+0mYMoH6gD4omR5IWB2KynivBQczo3+wF1cCkjzvptnI9Q0sPU66ilw==}
    dependencies:
      hasown: 2.0.2
    dev: false

  /lightningcss-darwin-arm64@1.24.1:
    resolution: {integrity: sha512-1jQ12jBy+AE/73uGQWGSafK5GoWgmSiIQOGhSEXiFJSZxzV+OXIx+a9h2EYHxdJfX864M+2TAxWPWb0Vv+8y4w==}
    engines: {node: '>= 12.0.0'}
    cpu: [arm64]
    os: [darwin]
    requiresBuild: true
    dev: false
    optional: true

  /lightningcss-darwin-x64@1.24.1:
    resolution: {integrity: sha512-R4R1d7VVdq2mG4igMU+Di8GPf0b64ZLnYVkubYnGG0Qxq1KaXQtAzcLI43EkpnoWvB/kUg8JKCWH4S13NfiLcQ==}
    engines: {node: '>= 12.0.0'}
    cpu: [x64]
    os: [darwin]
    requiresBuild: true
    dev: false
    optional: true

  /lightningcss-freebsd-x64@1.24.1:
    resolution: {integrity: sha512-z6NberUUw5ALES6Ixn2shmjRRrM1cmEn1ZQPiM5IrZ6xHHL5a1lPin9pRv+w6eWfcrEo+qGG6R9XfJrpuY3e4g==}
    engines: {node: '>= 12.0.0'}
    cpu: [x64]
    os: [freebsd]
    requiresBuild: true
    dev: false
    optional: true

  /lightningcss-linux-arm-gnueabihf@1.24.1:
    resolution: {integrity: sha512-NLQLnBQW/0sSg74qLNI8F8QKQXkNg4/ukSTa+XhtkO7v3BnK19TS1MfCbDHt+TTdSgNEBv0tubRuapcKho2EWw==}
    engines: {node: '>= 12.0.0'}
    cpu: [arm]
    os: [linux]
    requiresBuild: true
    dev: false
    optional: true

  /lightningcss-linux-arm64-gnu@1.24.1:
    resolution: {integrity: sha512-AQxWU8c9E9JAjAi4Qw9CvX2tDIPjgzCTrZCSXKELfs4mCwzxRkHh2RCxX8sFK19RyJoJAjA/Kw8+LMNRHS5qEg==}
    engines: {node: '>= 12.0.0'}
    cpu: [arm64]
    os: [linux]
    requiresBuild: true
    dev: false
    optional: true

  /lightningcss-linux-arm64-musl@1.24.1:
    resolution: {integrity: sha512-JCgH/SrNrhqsguUA0uJUM1PvN5+dVuzPIlXcoWDHSv2OU/BWlj2dUYr3XNzEw748SmNZPfl2NjQrAdzaPOn1lA==}
    engines: {node: '>= 12.0.0'}
    cpu: [arm64]
    os: [linux]
    requiresBuild: true
    dev: false
    optional: true

  /lightningcss-linux-x64-gnu@1.24.1:
    resolution: {integrity: sha512-TYdEsC63bHV0h47aNRGN3RiK7aIeco3/keN4NkoSQ5T8xk09KHuBdySltWAvKLgT8JvR+ayzq8ZHnL1wKWY0rw==}
    engines: {node: '>= 12.0.0'}
    cpu: [x64]
    os: [linux]
    requiresBuild: true
    dev: false
    optional: true

  /lightningcss-linux-x64-musl@1.24.1:
    resolution: {integrity: sha512-HLfzVik3RToot6pQ2Rgc3JhfZkGi01hFetHt40HrUMoeKitLoqUUT5owM6yTZPTytTUW9ukLBJ1pc3XNMSvlLw==}
    engines: {node: '>= 12.0.0'}
    cpu: [x64]
    os: [linux]
    requiresBuild: true
    dev: false
    optional: true

  /lightningcss-win32-x64-msvc@1.24.1:
    resolution: {integrity: sha512-joEupPjYJ7PjZtDsS5lzALtlAudAbgIBMGJPNeFe5HfdmJXFd13ECmEM+5rXNxYVMRHua2w8132R6ab5Z6K9Ow==}
    engines: {node: '>= 12.0.0'}
    cpu: [x64]
    os: [win32]
    requiresBuild: true
    dev: false
    optional: true

  /lightningcss@1.24.1:
    resolution: {integrity: sha512-kUpHOLiH5GB0ERSv4pxqlL0RYKnOXtgGtVe7shDGfhS0AZ4D1ouKFYAcLcZhql8aMspDNzaUCumGHZ78tb2fTg==}
    engines: {node: '>= 12.0.0'}
    dependencies:
      detect-libc: 1.0.3
    optionalDependencies:
      lightningcss-darwin-arm64: 1.24.1
      lightningcss-darwin-x64: 1.24.1
      lightningcss-freebsd-x64: 1.24.1
      lightningcss-linux-arm-gnueabihf: 1.24.1
      lightningcss-linux-arm64-gnu: 1.24.1
      lightningcss-linux-arm64-musl: 1.24.1
      lightningcss-linux-x64-gnu: 1.24.1
      lightningcss-linux-x64-musl: 1.24.1
      lightningcss-win32-x64-msvc: 1.24.1
    dev: false

  /nanoid@3.3.7:
    resolution: {integrity: sha512-eSRppjcPIatRIMC1U6UngP8XFcz8MQWGQdt1MTBQ7NaAmvXDfvNxbvWV3x2y6CdEUciCSsDHDQZbhYaB8QEo2g==}
    engines: {node: ^10 || ^12 || ^13.7 || ^14 || >=15.0.1}
    hasBin: true
    dev: false

  /path-parse@1.0.7:
    resolution: {integrity: sha512-LDJzPVEEEPR+y48z93A0Ed0yXb8pAByGWo/k5YYdYgpY2/2EsOsksJrq7lOHxryrVOn1ejG6oAp8ahvOIQD8sw==}
    dev: false

  /picocolors@1.0.1:
    resolution: {integrity: sha512-anP1Z8qwhkbmu7MFP5iTt+wQKXgwzf7zTyGlcdzabySa9vd0Xt392U0rVmz9poOaBj0uHJKyyo9/upk0HrEQew==}
    dev: false

  /pify@2.3.0:
    resolution: {integrity: sha512-udgsAY+fTnvv7kI7aaxbqwWNb0AHiB0qBO89PZKPkoTmGOgdbrHDKD+0B2X4uTfJ/FT1R09r9gTsjUjNJotuog==}
    engines: {node: '>=0.10.0'}
    dev: false

  /postcss-import@16.1.0(postcss@8.4.38):
    resolution: {integrity: sha512-7hsAZ4xGXl4MW+OKEWCnF6T5jqBw80/EE9aXg1r2yyn1RsVEU8EtKXbijEODa+rg7iih4bKf7vlvTGYR4CnPNg==}
    engines: {node: '>=18.0.0'}
    peerDependencies:
      postcss: ^8.0.0
    dependencies:
      postcss: 8.4.38
      postcss-value-parser: 4.2.0
      read-cache: 1.0.0
      resolve: 1.22.8
    dev: false

  /postcss-value-parser@4.2.0:
    resolution: {integrity: sha512-1NNCs6uurfkVbeXG4S8JFT9t19m45ICnif8zWLd5oPSZ50QnwMfK+H3jv408d4jw/7Bttv5axS5IiHoLaVNHeQ==}
    dev: false

  /postcss@8.4.38:
    resolution: {integrity: sha512-Wglpdk03BSfXkHoQa3b/oulrotAkwrlLDRSOb9D0bN86FdRyE9lppSp33aHNPgBa0JKCoB+drFLZkQoRRYae5A==}
    engines: {node: ^10 || ^12 || >=14}
    dependencies:
      nanoid: 3.3.7
      picocolors: 1.0.1
      source-map-js: 1.2.0
    dev: false

  /read-cache@1.0.0:
    resolution: {integrity: sha512-Owdv/Ft7IjOgm/i0xvNDZ1LrRANRfew4b2prF3OWMQLxLfu3bS8FVhCsrSCMK4lR56Y9ya+AThoTpDCTxCmpRA==}
    dependencies:
      pify: 2.3.0
    dev: false

  /resolve@1.22.8:
    resolution: {integrity: sha512-oKWePCxqpd6FlLvGV1VU0x7bkPmmCNolxzjMf4NczoDnQcIWrAF+cPtZn5i6n+RfD2d9i0tzpKnG6Yk168yIyw==}
    hasBin: true
    dependencies:
      is-core-module: 2.13.1
      path-parse: 1.0.7
      supports-preserve-symlinks-flag: 1.0.0
    dev: false

  /source-map-js@1.2.0:
    resolution: {integrity: sha512-itJW8lvSA0TXEphiRoawsCksnlf8SyvmFzIhltqAHluXd88pkCd+cXJVHTDwdCr0IzwptSm035IHQktUu1QUMg==}
    engines: {node: '>=0.10.0'}
    dev: false

  /supports-preserve-symlinks-flag@1.0.0:
    resolution: {integrity: sha512-ot0WnXS9fgdkgIcePe6RHNk1WA8+muPa6cSjeR3V8K27q9BB1rTE3R1p7Hv0z1ZyAc8s6Vvv8DIyWf681MAt0w==}
    engines: {node: '>= 0.4'}
    dev: false

  /tailwindcss@4.0.0-alpha.15:
    resolution: {integrity: sha512-hlL3dKkgKTNz6dXe4OWJMngI9DdcJncGXvhhjdPkMc/Pqc81NCYaV/8Z11DZ4Djy5RSFfLf41HI6+DGeKtvJ2g==}
    dev: false
